{
  "nodes": {
    "nixpkgs": {
      "locked": {
        "lastModified": 1608756970,
        "narHash": "sha256-8gyI8PzIj11z7MXwLFZphfMBVKkil7mDgJwAYjXJzmQ=",
        "owner": "NixOS",
        "repo": "nixpkgs",
        "rev": "47dbb876e116471fae31106704c2b1cc203bf79f",
        "type": "github"
      },
      "original": {
        "owner": "NixOS",
        "ref": "nixos-20.09-small",
        "repo": "nixpkgs",
        "type": "github"
      }
    },
    "root": {
      "inputs": {
        "nixpkgs": "nixpkgs"
      }
    }
  },
  "root": "root",
  "version": 7
}
